// !$*UTF8*$!
{
	archiveVersion = 1;
	classes = {
	};
	objectVersion = 56;
	objects = {

/* Begin PBXBuildFile section */
		3041765329B1FEE400F366A1 /* AppDelegate.swift in Sources */ = {isa = PBXBuildFile; fileRef = 3041765229B1FEE400F366A1 /* AppDelegate.swift */; };
		3041765529B1FEE400F366A1 /* SceneDelegate.swift in Sources */ = {isa = PBXBuildFile; fileRef = 3041765429B1FEE400F366A1 /* SceneDelegate.swift */; };
		3041765729B1FEE400F366A1 /* LoginViewController.swift in Sources */ = {isa = PBXBuildFile; fileRef = 3041765629B1FEE400F366A1 /* LoginViewController.swift */; };
		3041765A29B1FEE400F366A1 /* Main.storyboard in Resources */ = {isa = PBXBuildFile; fileRef = 3041765829B1FEE400F366A1 /* Main.storyboard */; };
		3041765C29B1FEE600F366A1 /* Assets.xcassets in Resources */ = {isa = PBXBuildFile; fileRef = 3041765B29B1FEE600F366A1 /* Assets.xcassets */; };
		3041765F29B1FEE600F366A1 /* LaunchScreen.storyboard in Resources */ = {isa = PBXBuildFile; fileRef = 3041765D29B1FEE600F366A1 /* LaunchScreen.storyboard */; };
		3041767229B2019600F366A1 /* Roboto-BoldItalic.ttf in Resources */ = {isa = PBXBuildFile; fileRef = 3041766629B2019500F366A1 /* Roboto-BoldItalic.ttf */; };
		3041767329B2019600F366A1 /* Roboto-Light.ttf in Resources */ = {isa = PBXBuildFile; fileRef = 3041766729B2019600F366A1 /* Roboto-Light.ttf */; };
		3041767429B2019600F366A1 /* Roboto-BlackItalic.ttf in Resources */ = {isa = PBXBuildFile; fileRef = 3041766829B2019600F366A1 /* Roboto-BlackItalic.ttf */; };
		3041767529B2019600F366A1 /* Roboto-Thin.ttf in Resources */ = {isa = PBXBuildFile; fileRef = 3041766929B2019600F366A1 /* Roboto-Thin.ttf */; };
		3041767629B2019600F366A1 /* Roboto-Black.ttf in Resources */ = {isa = PBXBuildFile; fileRef = 3041766A29B2019600F366A1 /* Roboto-Black.ttf */; };
		3041767729B2019600F366A1 /* Roboto-Bold.ttf in Resources */ = {isa = PBXBuildFile; fileRef = 3041766B29B2019600F366A1 /* Roboto-Bold.ttf */; };
		3041767829B2019600F366A1 /* Roboto-Regular.ttf in Resources */ = {isa = PBXBuildFile; fileRef = 3041766C29B2019600F366A1 /* Roboto-Regular.ttf */; };
		3041767929B2019600F366A1 /* Roboto-ThinItalic.ttf in Resources */ = {isa = PBXBuildFile; fileRef = 3041766D29B2019600F366A1 /* Roboto-ThinItalic.ttf */; };
		3041767A29B2019600F366A1 /* Roboto-Italic.ttf in Resources */ = {isa = PBXBuildFile; fileRef = 3041766E29B2019600F366A1 /* Roboto-Italic.ttf */; };
		3041767B29B2019600F366A1 /* Roboto-MediumItalic.ttf in Resources */ = {isa = PBXBuildFile; fileRef = 3041766F29B2019600F366A1 /* Roboto-MediumItalic.ttf */; };
		3041767C29B2019600F366A1 /* Roboto-Medium.ttf in Resources */ = {isa = PBXBuildFile; fileRef = 3041767029B2019600F366A1 /* Roboto-Medium.ttf */; };
		3041767D29B2019600F366A1 /* Roboto-LightItalic.ttf in Resources */ = {isa = PBXBuildFile; fileRef = 3041767129B2019600F366A1 /* Roboto-LightItalic.ttf */; };
		3041768229B2195400F366A1 /* SignUpViewController.swift in Sources */ = {isa = PBXBuildFile; fileRef = 3041768129B2195400F366A1 /* SignUpViewController.swift */; };
		3041768429B5C59E00F366A1 /* Constants.swift in Sources */ = {isa = PBXBuildFile; fileRef = 3041768329B5C59E00F366A1 /* Constants.swift */; };
		3041768629B5D12E00F366A1 /* GoogleService-Info.plist in Resources */ = {isa = PBXBuildFile; fileRef = 3041768529B5D12E00F366A1 /* GoogleService-Info.plist */; };
		3041768B29B5DCD400F366A1 /* HabitsOverviewViewController.swift in Sources */ = {isa = PBXBuildFile; fileRef = 3041768A29B5DCD400F366A1 /* HabitsOverviewViewController.swift */; };
		3041768D29B5F67900F366A1 /* habit.swift in Sources */ = {isa = PBXBuildFile; fileRef = 3041768C29B5F67900F366A1 /* habit.swift */; };
		EFB61D11A71A1376EF0A0D99 /* Pods_HabitHero_V1.framework in Frameworks */ = {isa = PBXBuildFile; fileRef = 09AB3BA54BEEF788218CFC01 /* Pods_HabitHero_V1.framework */; };
/* End PBXBuildFile section */

/* Begin PBXFileReference section */
		09AB3BA54BEEF788218CFC01 /* Pods_HabitHero_V1.framework */ = {isa = PBXFileReference; explicitFileType = wrapper.framework; includeInIndex = 0; path = Pods_HabitHero_V1.framework; sourceTree = BUILT_PRODUCTS_DIR; };
		3041764F29B1FEE400F366A1 /* HabitHero_V1.app */ = {isa = PBXFileReference; explicitFileType = wrapper.application; includeInIndex = 0; path = HabitHero_V1.app; sourceTree = BUILT_PRODUCTS_DIR; };
		3041765229B1FEE400F366A1 /* AppDelegate.swift */ = {isa = PBXFileReference; lastKnownFileType = sourcecode.swift; path = AppDelegate.swift; sourceTree = "<group>"; };
		3041765429B1FEE400F366A1 /* SceneDelegate.swift */ = {isa = PBXFileReference; lastKnownFileType = sourcecode.swift; path = SceneDelegate.swift; sourceTree = "<group>"; };
		3041765629B1FEE400F366A1 /* LoginViewController.swift */ = {isa = PBXFileReference; lastKnownFileType = sourcecode.swift; path = LoginViewController.swift; sourceTree = "<group>"; };
		3041765929B1FEE400F366A1 /* Base */ = {isa = PBXFileReference; lastKnownFileType = file.storyboard; name = Base; path = Base.lproj/Main.storyboard; sourceTree = "<group>"; };
		3041765B29B1FEE600F366A1 /* Assets.xcassets */ = {isa = PBXFileReference; lastKnownFileType = folder.assetcatalog; path = Assets.xcassets; sourceTree = "<group>"; };
		3041765E29B1FEE600F366A1 /* Base */ = {isa = PBXFileReference; lastKnownFileType = file.storyboard; name = Base; path = Base.lproj/LaunchScreen.storyboard; sourceTree = "<group>"; };
		3041766029B1FEE600F366A1 /* Info.plist */ = {isa = PBXFileReference; lastKnownFileType = text.plist.xml; path = Info.plist; sourceTree = "<group>"; };
		3041766629B2019500F366A1 /* Roboto-BoldItalic.ttf */ = {isa = PBXFileReference; lastKnownFileType = file; path = "Roboto-BoldItalic.ttf"; sourceTree = "<group>"; };
		3041766729B2019600F366A1 /* Roboto-Light.ttf */ = {isa = PBXFileReference; lastKnownFileType = file; path = "Roboto-Light.ttf"; sourceTree = "<group>"; };
		3041766829B2019600F366A1 /* Roboto-BlackItalic.ttf */ = {isa = PBXFileReference; lastKnownFileType = file; path = "Roboto-BlackItalic.ttf"; sourceTree = "<group>"; };
		3041766929B2019600F366A1 /* Roboto-Thin.ttf */ = {isa = PBXFileReference; lastKnownFileType = file; path = "Roboto-Thin.ttf"; sourceTree = "<group>"; };
		3041766A29B2019600F366A1 /* Roboto-Black.ttf */ = {isa = PBXFileReference; lastKnownFileType = file; path = "Roboto-Black.ttf"; sourceTree = "<group>"; };
		3041766B29B2019600F366A1 /* Roboto-Bold.ttf */ = {isa = PBXFileReference; lastKnownFileType = file; path = "Roboto-Bold.ttf"; sourceTree = "<group>"; };
		3041766C29B2019600F366A1 /* Roboto-Regular.ttf */ = {isa = PBXFileReference; lastKnownFileType = file; path = "Roboto-Regular.ttf"; sourceTree = "<group>"; };
		3041766D29B2019600F366A1 /* Roboto-ThinItalic.ttf */ = {isa = PBXFileReference; lastKnownFileType = file; path = "Roboto-ThinItalic.ttf"; sourceTree = "<group>"; };
		3041766E29B2019600F366A1 /* Roboto-Italic.ttf */ = {isa = PBXFileReference; lastKnownFileType = file; path = "Roboto-Italic.ttf"; sourceTree = "<group>"; };
		3041766F29B2019600F366A1 /* Roboto-MediumItalic.ttf */ = {isa = PBXFileReference; lastKnownFileType = file; path = "Roboto-MediumItalic.ttf"; sourceTree = "<group>"; };
		3041767029B2019600F366A1 /* Roboto-Medium.ttf */ = {isa = PBXFileReference; lastKnownFileType = file; path = "Roboto-Medium.ttf"; sourceTree = "<group>"; };
		3041767129B2019600F366A1 /* Roboto-LightItalic.ttf */ = {isa = PBXFileReference; lastKnownFileType = file; path = "Roboto-LightItalic.ttf"; sourceTree = "<group>"; };
		3041768129B2195400F366A1 /* SignUpViewController.swift */ = {isa = PBXFileReference; lastKnownFileType = sourcecode.swift; path = SignUpViewController.swift; sourceTree = "<group>"; };
		3041768329B5C59E00F366A1 /* Constants.swift */ = {isa = PBXFileReference; lastKnownFileType = sourcecode.swift; path = Constants.swift; sourceTree = "<group>"; };
		3041768529B5D12E00F366A1 /* GoogleService-Info.plist */ = {isa = PBXFileReference; fileEncoding = 4; lastKnownFileType = text.plist.xml; path = "GoogleService-Info.plist"; sourceTree = "<group>"; };
		3041768A29B5DCD400F366A1 /* HabitsOverviewViewController.swift */ = {isa = PBXFileReference; lastKnownFileType = sourcecode.swift; path = HabitsOverviewViewController.swift; sourceTree = "<group>"; };
		3041768C29B5F67900F366A1 /* habit.swift */ = {isa = PBXFileReference; lastKnownFileType = sourcecode.swift; path = habit.swift; sourceTree = "<group>"; };
		45BE801BADE8EB5107B06AB1 /* Pods-HabitHero_V1.debug.xcconfig */ = {isa = PBXFileReference; includeInIndex = 1; lastKnownFileType = text.xcconfig; name = "Pods-HabitHero_V1.debug.xcconfig"; path = "Target Support Files/Pods-HabitHero_V1/Pods-HabitHero_V1.debug.xcconfig"; sourceTree = "<group>"; };
		84202E30D2FC563E795B926A /* Pods-HabitHero_V1.release.xcconfig */ = {isa = PBXFileReference; includeInIndex = 1; lastKnownFileType = text.xcconfig; name = "Pods-HabitHero_V1.release.xcconfig"; path = "Target Support Files/Pods-HabitHero_V1/Pods-HabitHero_V1.release.xcconfig"; sourceTree = "<group>"; };
/* End PBXFileReference section */

/* Begin PBXFrameworksBuildPhase section */
		3041764C29B1FEE400F366A1 /* Frameworks */ = {
			isa = PBXFrameworksBuildPhase;
			buildActionMask = 2147483647;
			files = (
				EFB61D11A71A1376EF0A0D99 /* Pods_HabitHero_V1.framework in Frameworks */,
			);
			runOnlyForDeploymentPostprocessing = 0;
		};
/* End PBXFrameworksBuildPhase section */

/* Begin PBXGroup section */
		1FF3E66040B3EB9361ACE7CA /* Pods */ = {
			isa = PBXGroup;
			children = (
				45BE801BADE8EB5107B06AB1 /* Pods-HabitHero_V1.debug.xcconfig */,
				84202E30D2FC563E795B926A /* Pods-HabitHero_V1.release.xcconfig */,
			);
			path = Pods;
			sourceTree = "<group>";
		};
		3041764629B1FEE400F366A1 = {
			isa = PBXGroup;
			children = (
				3041765129B1FEE400F366A1 /* HabitHero_V1 */,
				3041765029B1FEE400F366A1 /* Products */,
				1FF3E66040B3EB9361ACE7CA /* Pods */,
				FD6CABC865B0E0C1C3864A58 /* Frameworks */,
			);
			sourceTree = "<group>";
		};
		3041765029B1FEE400F366A1 /* Products */ = {
			isa = PBXGroup;
			children = (
				3041764F29B1FEE400F366A1 /* HabitHero_V1.app */,
			);
			name = Products;
			sourceTree = "<group>";
		};
		3041765129B1FEE400F366A1 /* HabitHero_V1 */ = {
			isa = PBXGroup;
			children = (
				3041765229B1FEE400F366A1 /* AppDelegate.swift */,
				3041765429B1FEE400F366A1 /* SceneDelegate.swift */,
				3041768929B5D2CD00F366A1 /* Models */,
				3041768729B5D29200F366A1 /* Views */,
				3041768829B5D2AC00F366A1 /* Controllers */,
				3041768329B5C59E00F366A1 /* Constants.swift */,
				3041767E29B201A000F366A1 /* Fonts */,
				3041765B29B1FEE600F366A1 /* Assets.xcassets */,
				3041765D29B1FEE600F366A1 /* LaunchScreen.storyboard */,
				3041766029B1FEE600F366A1 /* Info.plist */,
				3041768529B5D12E00F366A1 /* GoogleService-Info.plist */,
			);
			path = HabitHero_V1;
			sourceTree = "<group>";
		};
		3041767E29B201A000F366A1 /* Fonts */ = {
			isa = PBXGroup;
			children = (
				3041766A29B2019600F366A1 /* Roboto-Black.ttf */,
				3041766829B2019600F366A1 /* Roboto-BlackItalic.ttf */,
				3041766B29B2019600F366A1 /* Roboto-Bold.ttf */,
				3041766629B2019500F366A1 /* Roboto-BoldItalic.ttf */,
				3041766E29B2019600F366A1 /* Roboto-Italic.ttf */,
				3041766729B2019600F366A1 /* Roboto-Light.ttf */,
				3041767129B2019600F366A1 /* Roboto-LightItalic.ttf */,
				3041767029B2019600F366A1 /* Roboto-Medium.ttf */,
				3041766F29B2019600F366A1 /* Roboto-MediumItalic.ttf */,
				3041766C29B2019600F366A1 /* Roboto-Regular.ttf */,
				3041766929B2019600F366A1 /* Roboto-Thin.ttf */,
				3041766D29B2019600F366A1 /* Roboto-ThinItalic.ttf */,
			);
			path = Fonts;
			sourceTree = "<group>";
		};
		3041768729B5D29200F366A1 /* Views */ = {
			isa = PBXGroup;
			children = (
				3041765829B1FEE400F366A1 /* Main.storyboard */,
			);
			path = Views;
			sourceTree = "<group>";
		};
		3041768829B5D2AC00F366A1 /* Controllers */ = {
			isa = PBXGroup;
			children = (
				3041765629B1FEE400F366A1 /* LoginViewController.swift */,
				3041768129B2195400F366A1 /* SignUpViewController.swift */,
				3041768A29B5DCD400F366A1 /* HabitsOverviewViewController.swift */,
			);
			path = Controllers;
			sourceTree = "<group>";
		};
		3041768929B5D2CD00F366A1 /* Models */ = {
			isa = PBXGroup;
			children = (
				3041768C29B5F67900F366A1 /* habit.swift */,
			);
			path = Models;
			sourceTree = "<group>";
		};
		FD6CABC865B0E0C1C3864A58 /* Frameworks */ = {
			isa = PBXGroup;
			children = (
				09AB3BA54BEEF788218CFC01 /* Pods_HabitHero_V1.framework */,
			);
			name = Frameworks;
			sourceTree = "<group>";
		};
/* End PBXGroup section */

/* Begin PBXNativeTarget section */
		3041764E29B1FEE400F366A1 /* HabitHero_V1 */ = {
			isa = PBXNativeTarget;
			buildConfigurationList = 3041766329B1FEE600F366A1 /* Build configuration list for PBXNativeTarget "HabitHero_V1" */;
			buildPhases = (
				066960AF385E898B9782DA8F /* [CP] Check Pods Manifest.lock */,
				3041764B29B1FEE400F366A1 /* Sources */,
				3041764C29B1FEE400F366A1 /* Frameworks */,
				3041764D29B1FEE400F366A1 /* Resources */,
				425DD15301F864D98D040628 /* [CP] Embed Pods Frameworks */,
			);
			buildRules = (
			);
			dependencies = (
			);
			name = HabitHero_V1;
			productName = HabitHero_V1;
			productReference = 3041764F29B1FEE400F366A1 /* HabitHero_V1.app */;
			productType = "com.apple.product-type.application";
		};
/* End PBXNativeTarget section */

/* Begin PBXProject section */
		3041764729B1FEE400F366A1 /* Project object */ = {
			isa = PBXProject;
			attributes = {
				BuildIndependentTargetsInParallel = 1;
				LastSwiftUpdateCheck = 1420;
				LastUpgradeCheck = 1420;
				TargetAttributes = {
					3041764E29B1FEE400F366A1 = {
						CreatedOnToolsVersion = 14.2;
					};
				};
			};
			buildConfigurationList = 3041764A29B1FEE400F366A1 /* Build configuration list for PBXProject "HabitHero_V1" */;
			compatibilityVersion = "Xcode 14.0";
			developmentRegion = en;
			hasScannedForEncodings = 0;
			knownRegions = (
				en,
				Base,
			);
			mainGroup = 3041764629B1FEE400F366A1;
			productRefGroup = 3041765029B1FEE400F366A1 /* Products */;
			projectDirPath = "";
			projectRoot = "";
			targets = (
				3041764E29B1FEE400F366A1 /* HabitHero_V1 */,
			);
		};
/* End PBXProject section */

/* Begin PBXResourcesBuildPhase section */
		3041764D29B1FEE400F366A1 /* Resources */ = {
			isa = PBXResourcesBuildPhase;
			buildActionMask = 2147483647;
			files = (
				3041767529B2019600F366A1 /* Roboto-Thin.ttf in Resources */,
				3041767A29B2019600F366A1 /* Roboto-Italic.ttf in Resources */,
				3041767D29B2019600F366A1 /* Roboto-LightItalic.ttf in Resources */,
				3041767B29B2019600F366A1 /* Roboto-MediumItalic.ttf in Resources */,
				3041765F29B1FEE600F366A1 /* LaunchScreen.storyboard in Resources */,
				3041767829B2019600F366A1 /* Roboto-Regular.ttf in Resources */,
				3041767929B2019600F366A1 /* Roboto-ThinItalic.ttf in Resources */,
				3041767429B2019600F366A1 /* Roboto-BlackItalic.ttf in Resources */,
				3041767629B2019600F366A1 /* Roboto-Black.ttf in Resources */,
				3041768629B5D12E00F366A1 /* GoogleService-Info.plist in Resources */,
				3041765C29B1FEE600F366A1 /* Assets.xcassets in Resources */,
				3041767729B2019600F366A1 /* Roboto-Bold.ttf in Resources */,
				3041767C29B2019600F366A1 /* Roboto-Medium.ttf in Resources */,
				3041767329B2019600F366A1 /* Roboto-Light.ttf in Resources */,
				3041767229B2019600F366A1 /* Roboto-BoldItalic.ttf in Resources */,
				3041765A29B1FEE400F366A1 /* Main.storyboard in Resources */,
			);
			runOnlyForDeploymentPostprocessing = 0;
		};
/* End PBXResourcesBuildPhase section */

/* Begin PBXShellScriptBuildPhase section */
		066960AF385E898B9782DA8F /* [CP] Check Pods Manifest.lock */ = {
			isa = PBXShellScriptBuildPhase;
			buildActionMask = 2147483647;
			files = (
			);
			inputFileListPaths = (
			);
			inputPaths = (
				"${PODS_PODFILE_DIR_PATH}/Podfile.lock",
				"${PODS_ROOT}/Manifest.lock",
			);
			name = "[CP] Check Pods Manifest.lock";
			outputFileListPaths = (
			);
			outputPaths = (
				"$(DERIVED_FILE_DIR)/Pods-HabitHero_V1-checkManifestLockResult.txt",
			);
			runOnlyForDeploymentPostprocessing = 0;
			shellPath = /bin/sh;
			shellScript = "diff \"${PODS_PODFILE_DIR_PATH}/Podfile.lock\" \"${PODS_ROOT}/Manifest.lock\" > /dev/null\nif [ $? != 0 ] ; then\n    # print error to STDERR\n    echo \"error: The sandbox is not in sync with the Podfile.lock. Run 'pod install' or update your CocoaPods installation.\" >&2\n    exit 1\nfi\n# This output is used by Xcode 'outputs' to avoid re-running this script phase.\necho \"SUCCESS\" > \"${SCRIPT_OUTPUT_FILE_0}\"\n";
			showEnvVarsInLog = 0;
		};
		425DD15301F864D98D040628 /* [CP] Embed Pods Frameworks */ = {
			isa = PBXShellScriptBuildPhase;
			buildActionMask = 2147483647;
			files = (
			);
			inputFileListPaths = (
				"${PODS_ROOT}/Target Support Files/Pods-HabitHero_V1/Pods-HabitHero_V1-frameworks-${CONFIGURATION}-input-files.xcfilelist",
			);
			name = "[CP] Embed Pods Frameworks";
			outputFileListPaths = (
				"${PODS_ROOT}/Target Support Files/Pods-HabitHero_V1/Pods-HabitHero_V1-frameworks-${CONFIGURATION}-output-files.xcfilelist",
			);
			runOnlyForDeploymentPostprocessing = 0;
			shellPath = /bin/sh;
			shellScript = "\"${PODS_ROOT}/Target Support Files/Pods-HabitHero_V1/Pods-HabitHero_V1-frameworks.sh\"\n";
			showEnvVarsInLog = 0;
		};
/* End PBXShellScriptBuildPhase section */

/* Begin PBXSourcesBuildPhase section */
		3041764B29B1FEE400F366A1 /* Sources */ = {
			isa = PBXSourcesBuildPhase;
			buildActionMask = 2147483647;
			files = (
				3041768B29B5DCD400F366A1 /* HabitsOverviewViewController.swift in Sources */,
				3041768429B5C59E00F366A1 /* Constants.swift in Sources */,
				3041765729B1FEE400F366A1 /* LoginViewController.swift in Sources */,
				3041765329B1FEE400F366A1 /* AppDelegate.swift in Sources */,
				3041768229B2195400F366A1 /* SignUpViewController.swift in Sources */,
				3041765529B1FEE400F366A1 /* SceneDelegate.swift in Sources */,
				3041768D29B5F67900F366A1 /* habit.swift in Sources */,
			);
			runOnlyForDeploymentPostprocessing = 0;
		};
/* End PBXSourcesBuildPhase section */

/* Begin PBXVariantGroup section */
		3041765829B1FEE400F366A1 /* Main.storyboard */ = {
			isa = PBXVariantGroup;
			children = (
				3041765929B1FEE400F366A1 /* Base */,
			);
			name = Main.storyboard;
			sourceTree = "<group>";
		};
		3041765D29B1FEE600F366A1 /* LaunchScreen.storyboard */ = {
			isa = PBXVariantGroup;
			children = (
				3041765E29B1FEE600F366A1 /* Base */,
			);
			name = LaunchScreen.storyboard;
			sourceTree = "<group>";
		};
/* End PBXVariantGroup section */

/* Begin XCBuildConfiguration section */
		3041766129B1FEE600F366A1 /* Debug */ = {
			isa = XCBuildConfiguration;
			buildSettings = {
				ALWAYS_SEARCH_USER_PATHS = NO;
				CLANG_ANALYZER_NONNULL = YES;
				CLANG_ANALYZER_NUMBER_OBJECT_CONVERSION = YES_AGGRESSIVE;
				CLANG_CXX_LANGUAGE_STANDARD = "gnu++20";
				CLANG_ENABLE_MODULES = YES;
				CLANG_ENABLE_OBJC_ARC = YES;
				CLANG_ENABLE_OBJC_WEAK = YES;
				CLANG_WARN_BLOCK_CAPTURE_AUTORELEASING = YES;
				CLANG_WARN_BOOL_CONVERSION = YES;
				CLANG_WARN_COMMA = YES;
				CLANG_WARN_CONSTANT_CONVERSION = YES;
				CLANG_WARN_DEPRECATED_OBJC_IMPLEMENTATIONS = YES;
				CLANG_WARN_DIRECT_OBJC_ISA_USAGE = YES_ERROR;
				CLANG_WARN_DOCUMENTATION_COMMENTS = YES;
				CLANG_WARN_EMPTY_BODY = YES;
				CLANG_WARN_ENUM_CONVERSION = YES;
				CLANG_WARN_INFINITE_RECURSION = YES;
				CLANG_WARN_INT_CONVERSION = YES;
				CLANG_WARN_NON_LITERAL_NULL_CONVERSION = YES;
				CLANG_WARN_OBJC_IMPLICIT_RETAIN_SELF = YES;
				CLANG_WARN_OBJC_LITERAL_CONVERSION = YES;
				CLANG_WARN_OBJC_ROOT_CLASS = YES_ERROR;
				CLANG_WARN_QUOTED_INCLUDE_IN_FRAMEWORK_HEADER = YES;
				CLANG_WARN_RANGE_LOOP_ANALYSIS = YES;
				CLANG_WARN_STRICT_PROTOTYPES = YES;
				CLANG_WARN_SUSPICIOUS_MOVE = YES;
				CLANG_WARN_UNGUARDED_AVAILABILITY = YES_AGGRESSIVE;
				CLANG_WARN_UNREACHABLE_CODE = YES;
				CLANG_WARN__DUPLICATE_METHOD_MATCH = YES;
				COPY_PHASE_STRIP = NO;
				DEBUG_INFORMATION_FORMAT = dwarf;
				ENABLE_STRICT_OBJC_MSGSEND = YES;
				ENABLE_TESTABILITY = YES;
				GCC_C_LANGUAGE_STANDARD = gnu11;
				GCC_DYNAMIC_NO_PIC = NO;
				GCC_NO_COMMON_BLOCKS = YES;
				GCC_OPTIMIZATION_LEVEL = 0;
				GCC_PREPROCESSOR_DEFINITIONS = (
					"DEBUG=1",
					"$(inherited)",
				);
				GCC_WARN_64_TO_32_BIT_CONVERSION = YES;
				GCC_WARN_ABOUT_RETURN_TYPE = YES_ERROR;
				GCC_WARN_UNDECLARED_SELECTOR = YES;
				GCC_WARN_UNINITIALIZED_AUTOS = YES_AGGRESSIVE;
				GCC_WARN_UNUSED_FUNCTION = YES;
				GCC_WARN_UNUSED_VARIABLE = YES;
				IPHONEOS_DEPLOYMENT_TARGET = 16.2;
				MTL_ENABLE_DEBUG_INFO = INCLUDE_SOURCE;
				MTL_FAST_MATH = YES;
				ONLY_ACTIVE_ARCH = YES;
				SDKROOT = iphoneos;
				SWIFT_ACTIVE_COMPILATION_CONDITIONS = DEBUG;
				SWIFT_OPTIMIZATION_LEVEL = "-Onone";
			};
			name = Debug;
		};
		3041766229B1FEE600F366A1 /* Release */ = {
			isa = XCBuildConfiguration;
			buildSettings = {
				ALWAYS_SEARCH_USER_PATHS = NO;
				CLANG_ANALYZER_NONNULL = YES;
				CLANG_ANALYZER_NUMBER_OBJECT_CONVERSION = YES_AGGRESSIVE;
				CLANG_CXX_LANGUAGE_STANDARD = "gnu++20";
				CLANG_ENABLE_MODULES = YES;
				CLANG_ENABLE_OBJC_ARC = YES;
				CLANG_ENABLE_OBJC_WEAK = YES;
				CLANG_WARN_BLOCK_CAPTURE_AUTORELEASING = YES;
				CLANG_WARN_BOOL_CONVERSION = YES;
				CLANG_WARN_COMMA = YES;
				CLANG_WARN_CONSTANT_CONVERSION = YES;
				CLANG_WARN_DEPRECATED_OBJC_IMPLEMENTATIONS = YES;
				CLANG_WARN_DIRECT_OBJC_ISA_USAGE = YES_ERROR;
				CLANG_WARN_DOCUMENTATION_COMMENTS = YES;
				CLANG_WARN_EMPTY_BODY = YES;
				CLANG_WARN_ENUM_CONVERSION = YES;
				CLANG_WARN_INFINITE_RECURSION = YES;
				CLANG_WARN_INT_CONVERSION = YES;
				CLANG_WARN_NON_LITERAL_NULL_CONVERSION = YES;
				CLANG_WARN_OBJC_IMPLICIT_RETAIN_SELF = YES;
				CLANG_WARN_OBJC_LITERAL_CONVERSION = YES;
				CLANG_WARN_OBJC_ROOT_CLASS = YES_ERROR;
				CLANG_WARN_QUOTED_INCLUDE_IN_FRAMEWORK_HEADER = YES;
				CLANG_WARN_RANGE_LOOP_ANALYSIS = YES;
				CLANG_WARN_STRICT_PROTOTYPES = YES;
				CLANG_WARN_SUSPICIOUS_MOVE = YES;
				CLANG_WARN_UNGUARDED_AVAILABILITY = YES_AGGRESSIVE;
				CLANG_WARN_UNREACHABLE_CODE = YES;
				CLANG_WARN__DUPLICATE_METHOD_MATCH = YES;
				COPY_PHASE_STRIP = NO;
				DEBUG_INFORMATION_FORMAT = "dwarf-with-dsym";
				ENABLE_NS_ASSERTIONS = NO;
				ENABLE_STRICT_OBJC_MSGSEND = YES;
				GCC_C_LANGUAGE_STANDARD = gnu11;
				GCC_NO_COMMON_BLOCKS = YES;
				GCC_WARN_64_TO_32_BIT_CONVERSION = YES;
				GCC_WARN_ABOUT_RETURN_TYPE = YES_ERROR;
				GCC_WARN_UNDECLARED_SELECTOR = YES;
				GCC_WARN_UNINITIALIZED_AUTOS = YES_AGGRESSIVE;
				GCC_WARN_UNUSED_FUNCTION = YES;
				GCC_WARN_UNUSED_VARIABLE = YES;
				IPHONEOS_DEPLOYMENT_TARGET = 16.2;
				MTL_ENABLE_DEBUG_INFO = NO;
				MTL_FAST_MATH = YES;
				SDKROOT = iphoneos;
				SWIFT_COMPILATION_MODE = wholemodule;
				SWIFT_OPTIMIZATION_LEVEL = "-O";
				VALIDATE_PRODUCT = YES;
			};
			name = Release;
		};
		3041766429B1FEE600F366A1 /* Debug */ = {
			isa = XCBuildConfiguration;
			baseConfigurationReference = 45BE801BADE8EB5107B06AB1 /* Pods-HabitHero_V1.debug.xcconfig */;
			buildSettings = {
				ASSETCATALOG_COMPILER_APPICON_NAME = AppIcon;
				ASSETCATALOG_COMPILER_GLOBAL_ACCENT_COLOR_NAME = AccentColor;
				CODE_SIGN_STYLE = Automatic;
				CURRENT_PROJECT_VERSION = 1;
				DEVELOPMENT_TEAM = TL6Q4UV2PD;
				GENERATE_INFOPLIST_FILE = YES;
				INFOPLIST_FILE = HabitHero_V1/Info.plist;
				INFOPLIST_KEY_UIApplicationSupportsIndirectInputEvents = YES;
				INFOPLIST_KEY_UILaunchStoryboardName = LaunchScreen;
				INFOPLIST_KEY_UIMainStoryboardFile = Main;
				INFOPLIST_KEY_UISupportedInterfaceOrientations_iPad = "UIInterfaceOrientationPortrait UIInterfaceOrientationPortraitUpsideDown UIInterfaceOrientationLandscapeLeft UIInterfaceOrientationLandscapeRight";
				INFOPLIST_KEY_UISupportedInterfaceOrientations_iPhone = "UIInterfaceOrientationPortrait UIInterfaceOrientationLandscapeLeft UIInterfaceOrientationLandscapeRight";
				LD_RUNPATH_SEARCH_PATHS = (
					"$(inherited)",
					"@executable_path/Frameworks",
				);
				MARKETING_VERSION = 1.0;
				PRODUCT_BUNDLE_IDENTIFIER = "biz.michaelgruber.HabitHero-V1";
				PRODUCT_NAME = "$(TARGET_NAME)";
				SWIFT_EMIT_LOC_STRINGS = YES;
				SWIFT_VERSION = 5.0;
				TARGETED_DEVICE_FAMILY = "1,2";
			};
			name = Debug;
		};
		3041766529B1FEE600F366A1 /* Release */ = {
			isa = XCBuildConfiguration;
			baseConfigurationReference = 84202E30D2FC563E795B926A /* Pods-HabitHero_V1.release.xcconfig */;
			buildSettings = {
				ASSETCATALOG_COMPILER_APPICON_NAME = AppIcon;
				ASSETCATALOG_COMPILER_GLOBAL_ACCENT_COLOR_NAME = AccentColor;
				CODE_SIGN_STYLE = Automatic;
				CURRENT_PROJECT_VERSION = 1;
				DEVELOPMENT_TEAM = TL6Q4UV2PD;
				GENERATE_INFOPLIST_FILE = YES;
				INFOPLIST_FILE = HabitHero_V1/Info.plist;
				INFOPLIST_KEY_UIApplicationSupportsIndirectInputEvents = YES;
				INFOPLIST_KEY_UILaunchStoryboardName = LaunchScreen;
				INFOPLIST_KEY_UIMainStoryboardFile = Main;
				INFOPLIST_KEY_UISupportedInterfaceOrientations_iPad = "UIInterfaceOrientationPortrait UIInterfaceOrientationPortraitUpsideDown UIInterfaceOrientationLandscapeLeft UIInterfaceOrientationLandscapeRight";
				INFOPLIST_KEY_UISupportedInterfaceOrientations_iPhone = "UIInterfaceOrientationPortrait UIInterfaceOrientationLandscapeLeft UIInterfaceOrientationLandscapeRight";
				LD_RUNPATH_SEARCH_PATHS = (
					"$(inherited)",
					"@executable_path/Frameworks",
				);
				MARKETING_VERSION = 1.0;
				PRODUCT_BUNDLE_IDENTIFIER = "biz.michaelgruber.HabitHero-V1";
				PRODUCT_NAME = "$(TARGET_NAME)";
				SWIFT_EMIT_LOC_STRINGS = YES;
				SWIFT_VERSION = 5.0;
				TARGETED_DEVICE_FAMILY = "1,2";
			};
			name = Release;
		};
/* End XCBuildConfiguration section */

/* Begin XCConfigurationList section */
		3041764A29B1FEE400F366A1 /* Build configuration list for PBXProject "HabitHero_V1" */ = {
			isa = XCConfigurationList;
			buildConfigurations = (
				3041766129B1FEE600F366A1 /* Debug */,
				3041766229B1FEE600F366A1 /* Release */,
			);
			defaultConfigurationIsVisible = 0;
			defaultConfigurationName = Release;
		};
		3041766329B1FEE600F366A1 /* Build configuration list for PBXNativeTarget "HabitHero_V1" */ = {
			isa = XCConfigurationList;
			buildConfigurations = (
				3041766429B1FEE600F366A1 /* Debug */,
				3041766529B1FEE600F366A1 /* Release */,
			);
			defaultConfigurationIsVisible = 0;
			defaultConfigurationName = Release;
		};
/* End XCConfigurationList section */
	};
	rootObject = 3041764729B1FEE400F366A1 /* Project object */;
}
